{
  "name": "backend",
  "lockfileVersion": 3,
  "requires": true,
  "packages": {
    "": {
      "dependencies": {
        "react-graphql": "file:.."
      }
    },
    "..": {
      "version": "1.0.0",
      "license": "ISC",
      "devDependencies": {
        "concurrently": "^9.2.1"
      }
    },
    "node_modules/react-graphql": {
      "resolved": "..",
      "link": true
    }
  }
}
